
Microsoft Visual Studio Solution File, Format Version 12.00
# Visual Studio Version 16
VisualStudioVersion = 16.0.31205.134
MinimumVisualStudioVersion = 10.0.40219.1
Project("{FAE04EC0-301F-11D3-BF4B-00C04F79EFBC}") = "Senparc.Weixin.Sample.Net6.MinSample", "Senparc.Weixin.Sample.Net6.MinSample\Senparc.Weixin.Sample.Net6.MinSample.csproj", "{32B78464-BF83-4772-878F-6DF8891CDE95}"
EndProject
Global
	GlobalSection(SolutionConfigurationPlatforms) = preSolution
		Debug|Any CPU = Debug|Any CPU
		Release|Any CPU = Release|Any CPU
	EndGlobalSection
	GlobalSection(ProjectConfigurationPlatforms) = postSolution
		{32B78464-BF83-4772-878F-6DF8891CDE95}.Debug|Any CPU.ActiveCfg = Debug|Any CPU
		{32B78464-BF83-4772-878F-6DF8891CDE95}.Debug|Any CPU.Build.0 = Debug|Any CPU
		{32B78464-BF83-4772-878F-6DF8891CDE95}.Release|Any CPU.ActiveCfg = Release|Any CPU
		{32B78464-BF83-4772-878F-6DF8891CDE95}.Release|Any CPU.Build.0 = Release|Any CPU
	EndGlobalSection
	GlobalSection(SolutionProperties) = preSolution
		HideSolutionNode = FALSE
	EndGlobalSection
	GlobalSection(ExtensibilityGlobals) = postSolution
		SolutionGuid = {3249ADBA-B852-48D1-9064-411F28E56D8B}
	EndGlobalSection
EndGlobal
